<?xml version="1.0" encoding="utf-8"?>
<Project ToolsVersion="4.0" xmlns="http://schemas.microsoft.com/developer/msbuild/2003">
  <ItemGroup>
    <Filter Include="Core">
      <UniqueIdentifier>{c29ee76b-36f6-4f98-8b22-a886c3cf6a26}</UniqueIdentifier>
    </Filter>
    <Filter Include="Assets">
      <UniqueIdentifier>{09fda9ae-c8fa-4914-b7dc-f7afa1d6ab58}</UniqueIdentifier>
    </Filter>
    <Filter Include="Character">
      <UniqueIdentifier>{270a85a1-1039-41de-a42b-a7ba877c5f8b}</UniqueIdentifier>
    </Filter>
    <Filter Include="Map">
      <UniqueIdentifier>{a38570a8-2d12-41ef-95c2-d503d8bec79c}</UniqueIdentifier>
    </Filter>
  </ItemGroup>
  <ItemGroup>
    <ClCompile Include="map.cpp">
      <Filter>Map</Filter>
    </ClCompile>
    <ClCompile Include="room.cpp">
      <Filter>Map</Filter>
    </ClCompile>
    <ClCompile Include="character.cpp">
      <Filter>Character</Filter>
    </ClCompile>
    <ClCompile Include="game.cpp">
      <Filter>Core</Filter>
    </ClCompile>
    <ClCompile Include="main.cpp">
      <Filter>Core</Filter>
    </ClCompile>
  </ItemGroup>
  <ItemGroup>
    <ClInclude Include="room.hpp">
      <Filter>Map</Filter>
    </ClInclude>
    <ClInclude Include="map.hpp">
      <Filter>Map</Filter>
    </ClInclude>
    <ClInclude Include="character.hpp">
      <Filter>Character</Filter>
    </ClInclude>
    <ClInclude Include="game.hpp">
      <Filter>Core</Filter>
    </ClInclude>
  </ItemGroup>
</Project>